
Microsoft Visual Studio Solution File, Format Version 12.00
# Visual Studio Version 17
VisualStudioVersion = 17.13.35818.85 d17.13
MinimumVisualStudioVersion = 10.0.40219.1
Project("{8BC9CEB8-8B4A-11D0-8D11-00A0C91BC942}") = "proyecto_parcial2_progra", "proyecto_parcial2_progra\proyecto_parcial2_progra.vcxproj", "{F9B37798-2950-4BB4-A0E4-4F8D7E7CB9B9}"
EndProject
Global
	GlobalSection(SolutionConfigurationPlatforms) = preSolution
		Debug|x64 = Debug|x64
		Debug|x86 = Debug|x86
		Release|x64 = Release|x64
		Release|x86 = Release|x86
	EndGlobalSection
	GlobalSection(ProjectConfigurationPlatforms) = postSolution
		{F9B37798-2950-4BB4-A0E4-4F8D7E7CB9B9}.Debug|x64.ActiveCfg = Debug|x64
		{F9B37798-2950-4BB4-A0E4-4F8D7E7CB9B9}.Debug|x64.Build.0 = Debug|x64
		{F9B37798-2950-4BB4-A0E4-4F8D7E7CB9B9}.Debug|x86.ActiveCfg = Debug|Win32
		{F9B37798-2950-4BB4-A0E4-4F8D7E7CB9B9}.Debug|x86.Build.0 = Debug|Win32
		{F9B37798-2950-4BB4-A0E4-4F8D7E7CB9B9}.Release|x64.ActiveCfg = Release|x64
		{F9B37798-2950-4BB4-A0E4-4F8D7E7CB9B9}.Release|x64.Build.0 = Release|x64
		{F9B37798-2950-4BB4-A0E4-4F8D7E7CB9B9}.Release|x86.ActiveCfg = Release|Win32
		{F9B37798-2950-4BB4-A0E4-4F8D7E7CB9B9}.Release|x86.Build.0 = Release|Win32
	EndGlobalSection
	GlobalSection(SolutionProperties) = preSolution
		HideSolutionNode = FALSE
	EndGlobalSection
	GlobalSection(ExtensibilityGlobals) = postSolution
		SolutionGuid = {B0517252-34CF-481F-8756-BF034D8FDC15}
	EndGlobalSection
EndGlobal
